{
  "version": 2,
  "dependencies": {
    "net10.0": {
      "Microsoft.AspNetCore.App.Internal.Assets": {
        "type": "Direct",
        "requested": "[10.0.10, )",
        "resolved": "10.0.10",
        "contentHash": "8k0KoYKvNrSqP8E3oDJMBVKavlTEE6BacdLGtEDcxv9Hz0XxWFkD6JdLJsxXUlGeAfZ6YfvWmxKenl73qeCTSA=="
      },
      "hviktor": {
        "type": "Project",
        "dependencies": {
          "Hviktor.Abstractions": "[1.1.4, )",
          "Hviktor.Icons.Abstractions": "[1.1.4, )"
        }
      },
      "hviktor.abstractions": {
        "type": "Project",
        "dependencies": {
          "Hviktor.Icons.Abstractions": "[1.1.4, )"
        }
      },
      "hviktor.extensions": {
        "type": "Project",
        "dependencies": {
          "Hviktor.Abstractions": "[1.1.4, )"
        }
      },
      "hviktor.icons": {
        "type": "Project",
        "dependencies": {
          "Hviktor.Icons.Abstractions": "[1.1.4, )"
        }
      },
      "hviktor.icons.abstractions": {
        "type": "Project"
      }
    }
  }
}